
Microsoft Visual Studio Solution File, Format Version 12.00
# Visual Studio Version 17
VisualStudioVersion = 17.6.33723.286
MinimumVisualStudioVersion = 10.0.40219.1
Project("{8BC9CEB8-8B4A-11D0-8D11-00A0C91BC942}") = "ImageViewer", "ImageViewer.vcxproj", "{2A47AF05-80C1-40E7-A340-D0C2055576F1}"
EndProject
Global
	GlobalSection(SolutionConfigurationPlatforms) = preSolution
		Debug|x64 = Debug|x64
		Release|x64 = Release|x64
	EndGlobalSection
	GlobalSection(ProjectConfigurationPlatforms) = postSolution
		{2A47AF05-80C1-40E7-A340-D0C2055576F1}.Debug|x64.ActiveCfg = Debug|x64
		{2A47AF05-80C1-40E7-A340-D0C2055576F1}.Debug|x64.Build.0 = Debug|x64
		{2A47AF05-80C1-40E7-A340-D0C2055576F1}.Release|x64.ActiveCfg = Release|x64
		{2A47AF05-80C1-40E7-A340-D0C2055576F1}.Release|x64.Build.0 = Release|x64
	EndGlobalSection
	GlobalSection(SolutionProperties) = preSolution
		HideSolutionNode = FALSE
	EndGlobalSection
	GlobalSection(ExtensibilityGlobals) = postSolution
		SolutionGuid = {A03A2711-84F1-4037-A028-E2E554971E27}
	EndGlobalSection
EndGlobal
