<?xml version="1.0" encoding="utf-8"?>
<Project ToolsVersion="4.0" xmlns="http://schemas.microsoft.com/developer/msbuild/2003">
  <ItemGroup>
    <ClInclude Include="resource.h" />
    <ClInclude Include="Source\shared.h">
      <Filter>Source</Filter>
    </ClInclude>
    <ClInclude Include="Source\Window\window.h">
      <Filter>Source\Window</Filter>
    </ClInclude>
    <ClInclude Include="Source\Frame\frame.h">
      <Filter>Source\Frame</Filter>
    </ClInclude>
    <ClInclude Include="Source\MenuCtl\menuctl.h">
      <Filter>Source\MenuCtl</Filter>
    </ClInclude>
  </ItemGroup>
  <ItemGroup>
    <ResourceCompile Include="ImageViewer.rc" />
  </ItemGroup>
  <ItemGroup>
    <Image Include="icon.ico" />
  </ItemGroup>
  <ItemGroup>
    <None Include="packages.config" />
  </ItemGroup>
  <ItemGroup>
    <Filter Include="Source">
      <UniqueIdentifier>{88f4aaf8-db9a-4268-94d0-543dfaa53fef}</UniqueIdentifier>
    </Filter>
    <Filter Include="Source\Window">
      <UniqueIdentifier>{a4b68537-0e67-4560-b4af-a738655c7ec4}</UniqueIdentifier>
    </Filter>
    <Filter Include="Source\Frame">
      <UniqueIdentifier>{490cdec6-b7fb-4202-8dce-485d89ece6ca}</UniqueIdentifier>
    </Filter>
    <Filter Include="Source\MenuCtl">
      <UniqueIdentifier>{450227e7-4995-4308-82ce-e7a8fe0c5021}</UniqueIdentifier>
    </Filter>
  </ItemGroup>
  <ItemGroup>
    <ClCompile Include="Source\main.cpp">
      <Filter>Source</Filter>
    </ClCompile>
    <ClCompile Include="Source\Window\window.cpp">
      <Filter>Source\Window</Filter>
    </ClCompile>
    <ClCompile Include="Source\Frame\frame.cpp">
      <Filter>Source\Frame</Filter>
    </ClCompile>
    <ClCompile Include="Source\MenuCtl\menuctl.cpp">
      <Filter>Source\MenuCtl</Filter>
    </ClCompile>
  </ItemGroup>
</Project>