<?xml version="1.0" encoding="utf-8"?>
<Project ToolsVersion="4.0" xmlns="http://schemas.microsoft.com/developer/msbuild/2003">
  <ItemGroup>
    <Filter Include="Source Files">
      <UniqueIdentifier>{4FC737F1-C7A5-4376-A066-2A32D752A2FF}</UniqueIdentifier>
      <Extensions>cpp;c;cc;cxx;c++;cppm;ixx;def;odl;idl;hpj;bat;asm;asmx</Extensions>
    </Filter>
    <Filter Include="Source Files\Window">
      <UniqueIdentifier>{23382797-f9bc-4c8f-aef4-f7aefabf41d4}</UniqueIdentifier>
    </Filter>
    <Filter Include="Source Files\Config">
      <UniqueIdentifier>{50c863d7-79cf-4751-9ec5-70961d589a9f}</UniqueIdentifier>
    </Filter>
    <Filter Include="Source Files\Shared">
      <UniqueIdentifier>{a35dd3e6-ef41-4a1e-bc45-41d7dbd242b4}</UniqueIdentifier>
    </Filter>
  </ItemGroup>
  <ItemGroup>
    <ClCompile Include="main.cpp">
      <Filter>Source Files</Filter>
    </ClCompile>
    <ClCompile Include="window_control.cpp">
      <Filter>Source Files\Window</Filter>
    </ClCompile>
    <ClCompile Include="configuration.cpp">
      <Filter>Source Files\Config</Filter>
    </ClCompile>
  </ItemGroup>
  <ItemGroup>
    <ClInclude Include="resource.h" />
    <ClInclude Include="window_control.h">
      <Filter>Source Files\Window</Filter>
    </ClInclude>
    <ClInclude Include="configuration.h">
      <Filter>Source Files\Config</Filter>
    </ClInclude>
    <ClInclude Include="shared.h">
      <Filter>Source Files\Shared</Filter>
    </ClInclude>
  </ItemGroup>
  <ItemGroup>
    <ResourceCompile Include="ImageViewer.rc" />
  </ItemGroup>
  <ItemGroup>
    <Image Include="icon.ico" />
  </ItemGroup>
  <ItemGroup>
    <None Include="packages.config" />
  </ItemGroup>
</Project>